# This file was autogenerated by Stack.
# You should not edit this file by hand.
# For more information, please see the documentation at:
#   https://docs.haskellstack.org/en/stable/topics/lock_files

packages:
- completed:
    hackage: HUnit-1.6.2.0@sha256:1a79174e8af616117ad39464cac9de205ca923da6582825e97c10786fda933a4,1588
    pantry-tree:
      sha256: 4f20a5a33866171260d0ee1e256c27f53cc84d37a68d498c3e12347f4e3d05b4
      size: 878
  original:
    hackage: HUnit-1.6.2.0@sha256:1a79174e8af616117ad39464cac9de205ca923da6582825e97c10786fda933a4,1588
- completed:
    hackage: QuickCheck-2.15.0.1@sha256:0cfd337bb9e6fbf09255bd24bb498a156f1d9bcd465396ac8657b25034b9ee31,9046
    pantry-tree:
      sha256: 27dddf0b64cc7d7e154326059c89b70da61530c25623af7ef576dd9db0c53821
      size: 2437
  original:
    hackage: QuickCheck-2.15.0.1@sha256:0cfd337bb9e6fbf09255bd24bb498a156f1d9bcd465396ac8657b25034b9ee31,9046
- completed:
    hackage: ansi-terminal-1.1.2@sha256:8e669f090aa3b9a62ef78f687dda12a19231ee163d2084522464036980a322ea,2758
    pantry-tree:
      sha256: 3c533b6c2d3c59606365a7c5ab3ca9addf09482c374f33328a5c0c907d5c2996
      size: 1184
  original:
    hackage: ansi-terminal-1.1.2@sha256:8e669f090aa3b9a62ef78f687dda12a19231ee163d2084522464036980a322ea,2758
- completed:
    hackage: call-stack-0.4.0@sha256:ac44d2c00931dc20b01750da8c92ec443eb63a7231e8550188cb2ac2385f7feb,1200
    pantry-tree:
      sha256: 04134fa69cdd824b4e4bb7f77e7173e0705f27deabdbbf99549c549400191e1e
      size: 501
  original:
    hackage: call-stack-0.4.0@sha256:ac44d2c00931dc20b01750da8c92ec443eb63a7231e8550188cb2ac2385f7feb,1200
- completed:
    hackage: haskell-lexer-1.2.1@sha256:393300e223f7b84c334d87780481bcede98392aa8bd82bc882d76b54b7d1c699,1279
    pantry-tree:
      sha256: 8e533ad0dbb5b7cff21bc44767b88d5c152102979e7f465ca2402af21d6722c6
      size: 588
  original:
    hackage: haskell-lexer-1.2.1@sha256:393300e223f7b84c334d87780481bcede98392aa8bd82bc882d76b54b7d1c699,1279
- completed:
    hackage: heaps-0.4.1@sha256:74ce60a23b8ef247b8bca71eeb38289e82b3b5e83b2383600b2c838a68218068,1444
    pantry-tree:
      sha256: 4be8506bb1b0f0a2c83b4052d89901742d555bd1e368d91267488e9f499e05b0
      size: 376
  original:
    hackage: heaps-0.4.1@sha256:74ce60a23b8ef247b8bca71eeb38289e82b3b5e83b2383600b2c838a68218068,1444
- completed:
    hackage: hspec-2.11.11@sha256:e119b678c8857548eddc9cfcf3691001d99afb8b71bf48e6c69d7b061ac084c3,1766
    pantry-tree:
      sha256: f6472ae66e51131e069403afb3aaec3458d595e1d774b2932f8d6139a0c42c86
      size: 584
  original:
    hackage: hspec-2.11.11@sha256:e119b678c8857548eddc9cfcf3691001d99afb8b71bf48e6c69d7b061ac084c3,1766
- completed:
    hackage: hspec-core-2.11.11@sha256:5e1a53255580f7fcbe2cdc87399ea0dec3249ef2a2ecf0a0a31a24c07cf8af46,7498
    pantry-tree:
      sha256: 7b814d36a4915cee6f5995cb80297d4d0f82163aa500c9f504ed5b4352478791
      size: 6935
  original:
    hackage: hspec-core-2.11.11@sha256:5e1a53255580f7fcbe2cdc87399ea0dec3249ef2a2ecf0a0a31a24c07cf8af46,7498
- completed:
    hackage: hspec-discover-2.11.11@sha256:6efb10267953db84e6e73e22da78ed407d9149e497713d320eb54395165bd546,2171
    pantry-tree:
      sha256: 56b0dcaa645554f2815874368fb4c3ba76b9b571f30f78544278966835b3188f
      size: 829
  original:
    hackage: hspec-discover-2.11.11@sha256:6efb10267953db84e6e73e22da78ed407d9149e497713d320eb54395165bd546,2171
- completed:
    hackage: hspec-expectations-0.8.4@sha256:4237f094a7931202ff57ac6475542b0b314b50a7024550e2b6eb87cfb0d4ff93,1702
    pantry-tree:
      sha256: 87681840d430b84686f83f1ab8b5873b09c349775698665233443914acf9ba2b
      size: 741
  original:
    hackage: hspec-expectations-0.8.4@sha256:4237f094a7931202ff57ac6475542b0b314b50a7024550e2b6eb87cfb0d4ff93,1702
- completed:
    hackage: quickcheck-io-0.2.0@sha256:7bf0b68fb90873825eb2e5e958c1b76126dcf984debb998e81673e6d837e0b2d,1133
    pantry-tree:
      sha256: afaa27fbf8b35aa7ce174abd9c59a84a12fd7f3d08300c3280b22c1d204f11ca
      size: 223
  original:
    hackage: quickcheck-io-0.2.0@sha256:7bf0b68fb90873825eb2e5e958c1b76126dcf984debb998e81673e6d837e0b2d,1133
- completed:
    hackage: random-1.3.0@sha256:e5b7016e43a8f4822ebcf8cacaaa737beb62d370b988b5c69e95105d9f0fd582,6004
    pantry-tree:
      sha256: 428985880e56b92b186d51d4b215a4a9140bc891fd5e80eede097aba8e250f8c
      size: 1667
  original:
    hackage: random-1.3.0@sha256:e5b7016e43a8f4822ebcf8cacaaa737beb62d370b988b5c69e95105d9f0fd582,6004
- completed:
    hackage: splitmix-0.1.1@sha256:8f92088f1c51c8d4569279a07565f8aa6b534a6735615b2295d2961dec8f1783,6225
    pantry-tree:
      sha256: d1a744a0f4d02051a0b77f3a137ebe6865e0174b807c99968f939fc91caa4045
      size: 1519
  original:
    hackage: splitmix-0.1.1@sha256:8f92088f1c51c8d4569279a07565f8aa6b534a6735615b2295d2961dec8f1783,6225
- completed:
    hackage: tf-random-0.5@sha256:14012837d0f0e18fdbbe3d56e67da8622ee5e20b180abce952dd50bd9f36b326,3983
    pantry-tree:
      sha256: d6483580cfea846cbf23ff1d7a67849546d5096425b6d61318a34554043b4ffb
      size: 941
  original:
    hackage: tf-random-0.5@sha256:14012837d0f0e18fdbbe3d56e67da8622ee5e20b180abce952dd50bd9f36b326,3983
- completed:
    hackage: ansi-terminal-types-1.1@sha256:135f6a381afa19d53d0a3fe40b6dd47e6666c538b09e4300fbb1438759df3248,1462
    pantry-tree:
      sha256: a0a28ef7a7d3a8e69c6bd45c7e6dddf24c17477714fc4135de3138a36e98b16a
      size: 291
  original:
    hackage: ansi-terminal-types-1.1@sha256:135f6a381afa19d53d0a3fe40b6dd47e6666c538b09e4300fbb1438759df3248,1462
- completed:
    hackage: colour-2.3.6@sha256:ebdcbf15023958838a527e381ab3c3b1e99ed12d1b25efeb7feaa4ad8c37664a,2378
    pantry-tree:
      sha256: 03f8e22f364deb86098dbfbe0bf83c896437b2355f139abdac0402658fb6ac7e
      size: 1183
  original:
    hackage: colour-2.3.6@sha256:ebdcbf15023958838a527e381ab3c3b1e99ed12d1b25efeb7feaa4ad8c37664a,2378
- completed:
    hackage: primitive-0.9.0.0@sha256:de20bf4eff1f972088854c8efda6eaca2d3147aff62232c3707f059152638759,3203
    pantry-tree:
      sha256: dfbbba14651e21a849a5a7f2fa91a7f8f62449da64b476e139c8da4b73aedd02
      size: 1793
  original:
    hackage: primitive-0.9.0.0@sha256:de20bf4eff1f972088854c8efda6eaca2d3147aff62232c3707f059152638759,3203
snapshots: []
